
Microsoft Visual Studio Solution File, Format Version 12.00
# Visual Studio Version 16
VisualStudioVersion = 16.0.31605.320
MinimumVisualStudioVersion = 10.0.40219.1
Project("{8BC9CEB8-8B4A-11D0-8D11-00A0C91BC942}") = "template", "template\template.vcxproj", "{EB90F2CF-16F7-4F1C-A3DE-7385DED75B76}"
EndProject
Global
	GlobalSection(SolutionConfigurationPlatforms) = preSolution
		Debug|x64 = Debug|x64
		Debug|x86 = Debug|x86
		Release|x64 = Release|x64
		Release|x86 = Release|x86
	EndGlobalSection
	GlobalSection(ProjectConfigurationPlatforms) = postSolution
		{EB90F2CF-16F7-4F1C-A3DE-7385DED75B76}.Debug|x64.ActiveCfg = Debug|x64
		{EB90F2CF-16F7-4F1C-A3DE-7385DED75B76}.Debug|x64.Build.0 = Debug|x64
		{EB90F2CF-16F7-4F1C-A3DE-7385DED75B76}.Debug|x86.ActiveCfg = Debug|Win32
		{EB90F2CF-16F7-4F1C-A3DE-7385DED75B76}.Debug|x86.Build.0 = Debug|Win32
		{EB90F2CF-16F7-4F1C-A3DE-7385DED75B76}.Release|x64.ActiveCfg = Release|x64
		{EB90F2CF-16F7-4F1C-A3DE-7385DED75B76}.Release|x64.Build.0 = Release|x64
		{EB90F2CF-16F7-4F1C-A3DE-7385DED75B76}.Release|x86.ActiveCfg = Release|Win32
		{EB90F2CF-16F7-4F1C-A3DE-7385DED75B76}.Release|x86.Build.0 = Release|Win32
	EndGlobalSection
	GlobalSection(SolutionProperties) = preSolution
		HideSolutionNode = FALSE
	EndGlobalSection
	GlobalSection(ExtensibilityGlobals) = postSolution
		SolutionGuid = {E26C8C98-769B-4B37-BA60-052818B6D1C8}
	EndGlobalSection
EndGlobal
